{
  "meteor": {},
  "dependencies": {
    "basePackages": {
      "zurb-foundation": {},
      "foundation-icons-general": {},
      "stellar": {},
      "moment": {},
      "jquery-waypoints2": {}
    },
    "packages": {
      "zurb-foundation": {
        "git": "https://github.com/MixinLabs/meteor-foundation.git",
        "tag": "v5.2.2-0.0.1",
        "commit": "afe432020cc6246fa0a243a6d2e1e031f08d98e3"
      },
      "foundation-icons-general": {
        "git": "https://github.com/IainShigeoka/meteor-foundation-icons-general.git",
        "tag": "v1.0.1",
        "commit": "0d16dc77ffb76180d63dcbc58716bd1dbf7d66d5"
      },
      "stellar": {
        "git": "https://github.com/noorderstorm/meteor-stellar.git",
        "tag": "v0.1.0",
        "commit": "1ca2f68e0cca5967a6f88545cea12055c9fc2465"
      },
      "moment": {
        "git": "https://github.com/acreeger/meteor-moment.git",
        "tag": "v2.6.0",
        "commit": "26156df681750fd6e6ed77043eef32b6653ebbdf"
      },
      "jquery-waypoints2": {
        "git": "https://github.com/peerlibrary/meteor-jquery-waypoints2.git",
        "tag": "v2.0.3.1",
        "commit": "de163ced4ef1dc888ee6b192da722b05d6eb41da"
      }
    }
  }
}
